
Microsoft Visual Studio Solution File, Format Version 12.00
# Visual Studio Version 16
VisualStudioVersion = 16.0.30011.22
MinimumVisualStudioVersion = 10.0.40219.1
Project("{FAE04EC0-301F-11D3-BF4B-00C04F79EFBC}") = "MultipleAuthSchemes", "MultipleAuthSchemes\MultipleAuthSchemes.csproj", "{A41DDD37-CCA2-4CF8-9B92-947288C3E6AD}"
EndProject
Global
	GlobalSection(SolutionConfigurationPlatforms) = preSolution
		Debug|Any CPU = Debug|Any CPU
		Release|Any CPU = Release|Any CPU
	EndGlobalSection
	GlobalSection(ProjectConfigurationPlatforms) = postSolution
		{A41DDD37-CCA2-4CF8-9B92-947288C3E6AD}.Debug|Any CPU.ActiveCfg = Debug|Any CPU
		{A41DDD37-CCA2-4CF8-9B92-947288C3E6AD}.Debug|Any CPU.Build.0 = Debug|Any CPU
		{A41DDD37-CCA2-4CF8-9B92-947288C3E6AD}.Release|Any CPU.ActiveCfg = Release|Any CPU
		{A41DDD37-CCA2-4CF8-9B92-947288C3E6AD}.Release|Any CPU.Build.0 = Release|Any CPU
	EndGlobalSection
	GlobalSection(SolutionProperties) = preSolution
		HideSolutionNode = FALSE
	EndGlobalSection
	GlobalSection(ExtensibilityGlobals) = postSolution
		SolutionGuid = {0A29676B-A08D-4AC2-B6A2-9DAA74820913}
	EndGlobalSection
EndGlobal
